
Microsoft Visual Studio Solution File, Format Version 12.00
# Visual Studio 14
VisualStudioVersion = 14.0.23107.0
MinimumVisualStudioVersion = 10.0.40219.1
Project("{FAE04EC0-301F-11D3-BF4B-00C04F79EFBC}") = "VejleSygehus2", "VejleSygehus2\VejleSygehus2.csproj", "{0305786A-733D-4E25-8058-4F46A0664A68}"
EndProject
Project("{FAE04EC0-301F-11D3-BF4B-00C04F79EFBC}") = "VejleSygehusAPI2", "VejleSygehusAPI2\VejleSygehusAPI2.csproj", "{C44FE835-F4D9-4B34-9923-1184410E59CD}"
EndProject
Project("{FAE04EC0-301F-11D3-BF4B-00C04F79EFBC}") = "UnitTest", "UnitTest\UnitTest.csproj", "{DC62E062-D7B7-400A-983F-85D94CC44999}"
EndProject
Global
	GlobalSection(SolutionConfigurationPlatforms) = preSolution
		Debug|Any CPU = Debug|Any CPU
		Release|Any CPU = Release|Any CPU
	EndGlobalSection
	GlobalSection(ProjectConfigurationPlatforms) = postSolution
		{0305786A-733D-4E25-8058-4F46A0664A68}.Debug|Any CPU.ActiveCfg = Debug|Any CPU
		{0305786A-733D-4E25-8058-4F46A0664A68}.Debug|Any CPU.Build.0 = Debug|Any CPU
		{0305786A-733D-4E25-8058-4F46A0664A68}.Release|Any CPU.ActiveCfg = Release|Any CPU
		{0305786A-733D-4E25-8058-4F46A0664A68}.Release|Any CPU.Build.0 = Release|Any CPU
		{C44FE835-F4D9-4B34-9923-1184410E59CD}.Debug|Any CPU.ActiveCfg = Debug|Any CPU
		{C44FE835-F4D9-4B34-9923-1184410E59CD}.Debug|Any CPU.Build.0 = Debug|Any CPU
		{C44FE835-F4D9-4B34-9923-1184410E59CD}.Release|Any CPU.ActiveCfg = Release|Any CPU
		{C44FE835-F4D9-4B34-9923-1184410E59CD}.Release|Any CPU.Build.0 = Release|Any CPU
		{DC62E062-D7B7-400A-983F-85D94CC44999}.Debug|Any CPU.ActiveCfg = Debug|Any CPU
		{DC62E062-D7B7-400A-983F-85D94CC44999}.Debug|Any CPU.Build.0 = Debug|Any CPU
		{DC62E062-D7B7-400A-983F-85D94CC44999}.Release|Any CPU.ActiveCfg = Release|Any CPU
		{DC62E062-D7B7-400A-983F-85D94CC44999}.Release|Any CPU.Build.0 = Release|Any CPU
	EndGlobalSection
	GlobalSection(SolutionProperties) = preSolution
		HideSolutionNode = FALSE
	EndGlobalSection
EndGlobal
