
Microsoft Visual Studio Solution File, Format Version 12.00
# Visual Studio 14
VisualStudioVersion = 14.0.23107.0
MinimumVisualStudioVersion = 10.0.40219.1
Project("{FAE04EC0-301F-11D3-BF4B-00C04F79EFBC}") = "VejleSygehus", "VejleSygehus\VejleSygehus.csproj", "{431CB05D-B386-41D1-8DB0-D3BCD2ED91FE}"
EndProject
Global
	GlobalSection(SolutionConfigurationPlatforms) = preSolution
		Debug|Any CPU = Debug|Any CPU
		Release|Any CPU = Release|Any CPU
	EndGlobalSection
	GlobalSection(ProjectConfigurationPlatforms) = postSolution
		{431CB05D-B386-41D1-8DB0-D3BCD2ED91FE}.Debug|Any CPU.ActiveCfg = Debug|Any CPU
		{431CB05D-B386-41D1-8DB0-D3BCD2ED91FE}.Debug|Any CPU.Build.0 = Debug|Any CPU
		{431CB05D-B386-41D1-8DB0-D3BCD2ED91FE}.Release|Any CPU.ActiveCfg = Release|Any CPU
		{431CB05D-B386-41D1-8DB0-D3BCD2ED91FE}.Release|Any CPU.Build.0 = Release|Any CPU
	EndGlobalSection
	GlobalSection(SolutionProperties) = preSolution
		HideSolutionNode = FALSE
	EndGlobalSection
EndGlobal
